### YamlMime:ManagedReference
items:
- uid: Netick.SimulationClock
  commentId: T:Netick.SimulationClock
  id: SimulationClock
  parent: Netick
  children:
  - Netick.SimulationClock.Alpha
  - Netick.SimulationClock.DeltaTime
  - Netick.SimulationClock.FixedDelta
  langs:
  - csharp
  - vb
  name: SimulationClock
  nameWithType: SimulationClock
  fullName: Netick.SimulationClock
  type: Class
  assemblies:
  - Netick
  namespace: Netick
  syntax:
    content: public sealed class SimulationClock
    content.vb: Public NotInheritable Class SimulationClock
  inheritance:
  - System.Object
  inheritedMembers:
  - System.Object.GetType
  - System.Object.ToString
  - System.Object.Equals(System.Object)
  - System.Object.Equals(System.Object,System.Object)
  - System.Object.ReferenceEquals(System.Object,System.Object)
  - System.Object.GetHashCode
- uid: Netick.SimulationClock.Alpha
  commentId: P:Netick.SimulationClock.Alpha
  id: Alpha
  parent: Netick.SimulationClock
  langs:
  - csharp
  - vb
  name: Alpha
  nameWithType: SimulationClock.Alpha
  fullName: Netick.SimulationClock.Alpha
  type: Property
  assemblies:
  - Netick
  namespace: Netick
  syntax:
    content: public float Alpha { get; }
    parameters: []
    return:
      type: System.Single
    content.vb: Public ReadOnly Property Alpha As Single
  overload: Netick.SimulationClock.Alpha*
- uid: Netick.SimulationClock.FixedDelta
  commentId: P:Netick.SimulationClock.FixedDelta
  id: FixedDelta
  parent: Netick.SimulationClock
  langs:
  - csharp
  - vb
  name: FixedDelta
  nameWithType: SimulationClock.FixedDelta
  fullName: Netick.SimulationClock.FixedDelta
  type: Property
  assemblies:
  - Netick
  namespace: Netick
  syntax:
    content: public float FixedDelta { get; }
    parameters: []
    return:
      type: System.Single
    content.vb: Public ReadOnly Property FixedDelta As Single
  overload: Netick.SimulationClock.FixedDelta*
- uid: Netick.SimulationClock.DeltaTime
  commentId: P:Netick.SimulationClock.DeltaTime
  id: DeltaTime
  parent: Netick.SimulationClock
  langs:
  - csharp
  - vb
  name: DeltaTime
  nameWithType: SimulationClock.DeltaTime
  fullName: Netick.SimulationClock.DeltaTime
  type: Property
  assemblies:
  - Netick
  namespace: Netick
  syntax:
    content: public float DeltaTime { get; }
    parameters: []
    return:
      type: System.Single
    content.vb: Public ReadOnly Property DeltaTime As Single
  overload: Netick.SimulationClock.DeltaTime*
references:
- uid: Netick
  commentId: N:Netick
  isExternal: true
  href: Netick.html
  name: Netick
  nameWithType: Netick
  fullName: Netick
- uid: System.Object
  commentId: T:System.Object
  parent: System
  isExternal: true
  href: https://learn.microsoft.com/dotnet/api/system.object
  name: object
  nameWithType: object
  fullName: object
  nameWithType.vb: Object
  fullName.vb: Object
  name.vb: Object
- uid: System.Object.GetType
  commentId: M:System.Object.GetType
  parent: System.Object
  isExternal: true
  href: https://learn.microsoft.com/dotnet/api/system.object.gettype
  name: GetType()
  nameWithType: object.GetType()
  fullName: object.GetType()
  nameWithType.vb: Object.GetType()
  fullName.vb: Object.GetType()
  spec.csharp:
  - uid: System.Object.GetType
    name: GetType
    isExternal: true
    href: https://learn.microsoft.com/dotnet/api/system.object.gettype
  - name: (
  - name: )
  spec.vb:
  - uid: System.Object.GetType
    name: GetType
    isExternal: true
    href: https://learn.microsoft.com/dotnet/api/system.object.gettype
  - name: (
  - name: )
- uid: System.Object.ToString
  commentId: M:System.Object.ToString
  parent: System.Object
  isExternal: true
  href: https://learn.microsoft.com/dotnet/api/system.object.tostring
  name: ToString()
  nameWithType: object.ToString()
  fullName: object.ToString()
  nameWithType.vb: Object.ToString()
  fullName.vb: Object.ToString()
  spec.csharp:
  - uid: System.Object.ToString
    name: ToString
    isExternal: true
    href: https://learn.microsoft.com/dotnet/api/system.object.tostring
  - name: (
  - name: )
  spec.vb:
  - uid: System.Object.ToString
    name: ToString
    isExternal: true
    href: https://learn.microsoft.com/dotnet/api/system.object.tostring
  - name: (
  - name: )
- uid: System.Object.Equals(System.Object)
  commentId: M:System.Object.Equals(System.Object)
  parent: System.Object
  isExternal: true
  href: https://learn.microsoft.com/dotnet/api/system.object.equals#system-object-equals(system-object)
  name: Equals(object)
  nameWithType: object.Equals(object)
  fullName: object.Equals(object)
  nameWithType.vb: Object.Equals(Object)
  fullName.vb: Object.Equals(Object)
  name.vb: Equals(Object)
  spec.csharp:
  - uid: System.Object.Equals(System.Object)
    name: Equals
    isExternal: true
    href: https://learn.microsoft.com/dotnet/api/system.object.equals#system-object-equals(system-object)
  - name: (
  - uid: System.Object
    name: object
    isExternal: true
    href: https://learn.microsoft.com/dotnet/api/system.object
  - name: )
  spec.vb:
  - uid: System.Object.Equals(System.Object)
    name: Equals
    isExternal: true
    href: https://learn.microsoft.com/dotnet/api/system.object.equals#system-object-equals(system-object)
  - name: (
  - uid: System.Object
    name: Object
    isExternal: true
    href: https://learn.microsoft.com/dotnet/api/system.object
  - name: )
- uid: System.Object.Equals(System.Object,System.Object)
  commentId: M:System.Object.Equals(System.Object,System.Object)
  parent: System.Object
  isExternal: true
  href: https://learn.microsoft.com/dotnet/api/system.object.equals#system-object-equals(system-object-system-object)
  name: Equals(object, object)
  nameWithType: object.Equals(object, object)
  fullName: object.Equals(object, object)
  nameWithType.vb: Object.Equals(Object, Object)
  fullName.vb: Object.Equals(Object, Object)
  name.vb: Equals(Object, Object)
  spec.csharp:
  - uid: System.Object.Equals(System.Object,System.Object)
    name: Equals
    isExternal: true
    href: https://learn.microsoft.com/dotnet/api/system.object.equals#system-object-equals(system-object-system-object)
  - name: (
  - uid: System.Object
    name: object
    isExternal: true
    href: https://learn.microsoft.com/dotnet/api/system.object
  - name: ','
  - name: " "
  - uid: System.Object
    name: object
    isExternal: true
    href: https://learn.microsoft.com/dotnet/api/system.object
  - name: )
  spec.vb:
  - uid: System.Object.Equals(System.Object,System.Object)
    name: Equals
    isExternal: true
    href: https://learn.microsoft.com/dotnet/api/system.object.equals#system-object-equals(system-object-system-object)
  - name: (
  - uid: System.Object
    name: Object
    isExternal: true
    href: https://learn.microsoft.com/dotnet/api/system.object
  - name: ','
  - name: " "
  - uid: System.Object
    name: Object
    isExternal: true
    href: https://learn.microsoft.com/dotnet/api/system.object
  - name: )
- uid: System.Object.ReferenceEquals(System.Object,System.Object)
  commentId: M:System.Object.ReferenceEquals(System.Object,System.Object)
  parent: System.Object
  isExternal: true
  href: https://learn.microsoft.com/dotnet/api/system.object.referenceequals
  name: ReferenceEquals(object, object)
  nameWithType: object.ReferenceEquals(object, object)
  fullName: object.ReferenceEquals(object, object)
  nameWithType.vb: Object.ReferenceEquals(Object, Object)
  fullName.vb: Object.ReferenceEquals(Object, Object)
  name.vb: ReferenceEquals(Object, Object)
  spec.csharp:
  - uid: System.Object.ReferenceEquals(System.Object,System.Object)
    name: ReferenceEquals
    isExternal: true
    href: https://learn.microsoft.com/dotnet/api/system.object.referenceequals
  - name: (
  - uid: System.Object
    name: object
    isExternal: true
    href: https://learn.microsoft.com/dotnet/api/system.object
  - name: ','
  - name: " "
  - uid: System.Object
    name: object
    isExternal: true
    href: https://learn.microsoft.com/dotnet/api/system.object
  - name: )
  spec.vb:
  - uid: System.Object.ReferenceEquals(System.Object,System.Object)
    name: ReferenceEquals
    isExternal: true
    href: https://learn.microsoft.com/dotnet/api/system.object.referenceequals
  - name: (
  - uid: System.Object
    name: Object
    isExternal: true
    href: https://learn.microsoft.com/dotnet/api/system.object
  - name: ','
  - name: " "
  - uid: System.Object
    name: Object
    isExternal: true
    href: https://learn.microsoft.com/dotnet/api/system.object
  - name: )
- uid: System.Object.GetHashCode
  commentId: M:System.Object.GetHashCode
  parent: System.Object
  isExternal: true
  href: https://learn.microsoft.com/dotnet/api/system.object.gethashcode
  name: GetHashCode()
  nameWithType: object.GetHashCode()
  fullName: object.GetHashCode()
  nameWithType.vb: Object.GetHashCode()
  fullName.vb: Object.GetHashCode()
  spec.csharp:
  - uid: System.Object.GetHashCode
    name: GetHashCode
    isExternal: true
    href: https://learn.microsoft.com/dotnet/api/system.object.gethashcode
  - name: (
  - name: )
  spec.vb:
  - uid: System.Object.GetHashCode
    name: GetHashCode
    isExternal: true
    href: https://learn.microsoft.com/dotnet/api/system.object.gethashcode
  - name: (
  - name: )
- uid: System
  commentId: N:System
  isExternal: true
  href: https://learn.microsoft.com/dotnet/api/system
  name: System
  nameWithType: System
  fullName: System
- uid: Netick.SimulationClock.Alpha*
  commentId: Overload:Netick.SimulationClock.Alpha
  isExternal: true
  href: Netick.SimulationClock.html#Netick_SimulationClock_Alpha
  name: Alpha
  nameWithType: SimulationClock.Alpha
  fullName: Netick.SimulationClock.Alpha
- uid: System.Single
  commentId: T:System.Single
  parent: System
  isExternal: true
  href: https://learn.microsoft.com/dotnet/api/system.single
  name: float
  nameWithType: float
  fullName: float
  nameWithType.vb: Single
  fullName.vb: Single
  name.vb: Single
- uid: Netick.SimulationClock.FixedDelta*
  commentId: Overload:Netick.SimulationClock.FixedDelta
  isExternal: true
  href: Netick.SimulationClock.html#Netick_SimulationClock_FixedDelta
  name: FixedDelta
  nameWithType: SimulationClock.FixedDelta
  fullName: Netick.SimulationClock.FixedDelta
- uid: Netick.SimulationClock.DeltaTime*
  commentId: Overload:Netick.SimulationClock.DeltaTime
  isExternal: true
  href: Netick.SimulationClock.html#Netick_SimulationClock_DeltaTime
  name: DeltaTime
  nameWithType: SimulationClock.DeltaTime
  fullName: Netick.SimulationClock.DeltaTime
